
Microsoft Visual Studio Solution File, Format Version 12.00
# Visual Studio 15
VisualStudioVersion = 15.0.25802.0
MinimumVisualStudioVersion = 10.0.40219.1
Project("{FAE04EC0-301F-11D3-BF4B-00C04F79EFBC}") = "JoltNet", "JoltNet\JoltNet.csproj", "{FA024099-2E57-4B96-8DE7-72421C3143A6}"
EndProject
Global
	GlobalSection(SolutionConfigurationPlatforms) = preSolution
		Debug|Any CPU = Debug|Any CPU
		Release|Any CPU = Release|Any CPU
	EndGlobalSection
	GlobalSection(ProjectConfigurationPlatforms) = postSolution
		{FA024099-2E57-4B96-8DE7-72421C3143A6}.Debug|Any CPU.ActiveCfg = Debug|Any CPU
		{FA024099-2E57-4B96-8DE7-72421C3143A6}.Debug|Any CPU.Build.0 = Debug|Any CPU
		{FA024099-2E57-4B96-8DE7-72421C3143A6}.Release|Any CPU.ActiveCfg = Release|Any CPU
		{FA024099-2E57-4B96-8DE7-72421C3143A6}.Release|Any CPU.Build.0 = Release|Any CPU
	EndGlobalSection
	GlobalSection(SolutionProperties) = preSolution
		HideSolutionNode = FALSE
	EndGlobalSection
EndGlobal
